// !$*UTF8*$!
{
	archiveVersion = 1;
	classes = {
	};
	objectVersion = 46;
	objects = {

/* Begin PBXBuildFile section */
		4A3C889A1D8FC6EF0095D4DE /* AppDelegate.swift in Sources */ = {isa = PBXBuildFile; fileRef = 4A3C88991D8FC6EF0095D4DE /* AppDelegate.swift */; };
		4A3C889F1D8FC6EF0095D4DE /* Main.storyboard in Resources */ = {isa = PBXBuildFile; fileRef = 4A3C889D1D8FC6EF0095D4DE /* Main.storyboard */; };
		4A3C88A21D8FC6EF0095D4DE /* liqapp.xcdatamodeld in Sources */ = {isa = PBXBuildFile; fileRef = 4A3C88A01D8FC6EF0095D4DE /* liqapp.xcdatamodeld */; };
		4A3C88A41D8FC6EF0095D4DE /* Assets.xcassets in Resources */ = {isa = PBXBuildFile; fileRef = 4A3C88A31D8FC6EF0095D4DE /* Assets.xcassets */; };
		4A3C88A71D8FC6EF0095D4DE /* LaunchScreen.storyboard in Resources */ = {isa = PBXBuildFile; fileRef = 4A3C88A51D8FC6EF0095D4DE /* LaunchScreen.storyboard */; };
		4A3C88AF1D8FFFED0095D4DE /* LoginViewController.swift in Sources */ = {isa = PBXBuildFile; fileRef = 4A3C88AE1D8FFFED0095D4DE /* LoginViewController.swift */; };
		4A4EBC6B1D9417B3003C9A35 /* MutabaahViewController.swift in Sources */ = {isa = PBXBuildFile; fileRef = 4A4EBC6A1D9417B3003C9A35 /* MutabaahViewController.swift */; };
		4A4EBC701D96AF8C003C9A35 /* IbadahTableViewCell.swift in Sources */ = {isa = PBXBuildFile; fileRef = 4A4EBC6E1D96AF8C003C9A35 /* IbadahTableViewCell.swift */; };
		4A4EBC711D96AF8C003C9A35 /* IbadahTableViewCell.xib in Resources */ = {isa = PBXBuildFile; fileRef = 4A4EBC6F1D96AF8C003C9A35 /* IbadahTableViewCell.xib */; };
		4A7E9D091D9241B4002E3697 /* APIClient.swift in Sources */ = {isa = PBXBuildFile; fileRef = 4A7E9D081D9241B4002E3697 /* APIClient.swift */; };
		4A7E9D0D1D928EBE002E3697 /* APIClient+URLSessionTask.swift in Sources */ = {isa = PBXBuildFile; fileRef = 4A7E9D0C1D928EBE002E3697 /* APIClient+URLSessionTask.swift */; };
		4A7E9D101D929A74002E3697 /* APIError.swift in Sources */ = {isa = PBXBuildFile; fileRef = 4A7E9D0E1D929A74002E3697 /* APIError.swift */; };
		4A7E9D111D929A74002E3697 /* Constants.swift in Sources */ = {isa = PBXBuildFile; fileRef = 4A7E9D0F1D929A74002E3697 /* Constants.swift */; };
		4A7E9D131D92A051002E3697 /* NSHTTPURLResponse+HTTP.swift in Sources */ = {isa = PBXBuildFile; fileRef = 4A7E9D121D92A051002E3697 /* NSHTTPURLResponse+HTTP.swift */; };
		4A7E9D151D92A67D002E3697 /* OAuthToken.swift in Sources */ = {isa = PBXBuildFile; fileRef = 4A7E9D141D92A67D002E3697 /* OAuthToken.swift */; };
		4A7E9D191D938CB2002E3697 /* AuthManager.swift in Sources */ = {isa = PBXBuildFile; fileRef = 4A7E9D181D938CB2002E3697 /* AuthManager.swift */; };
		4A806B7E1D90221B00E34DE0 /* LoginViewController.storyboard in Resources */ = {isa = PBXBuildFile; fileRef = 4A806B7D1D90221B00E34DE0 /* LoginViewController.storyboard */; };
		8FCA3B46AE82A8C22F045E16 /* Pods_liqapp.framework in Frameworks */ = {isa = PBXBuildFile; fileRef = F2DD4B58D1DC57F093F13B53 /* Pods_liqapp.framework */; };
/* End PBXBuildFile section */

/* Begin PBXFileReference section */
		20A0D1EF9E73F1458DA08AC1 /* Pods-liqapp.debug.xcconfig */ = {isa = PBXFileReference; includeInIndex = 1; lastKnownFileType = text.xcconfig; name = "Pods-liqapp.debug.xcconfig"; path = "Pods/Target Support Files/Pods-liqapp/Pods-liqapp.debug.xcconfig"; sourceTree = "<group>"; };
		4A3C88961D8FC6EF0095D4DE /* liqapp.app */ = {isa = PBXFileReference; explicitFileType = wrapper.application; includeInIndex = 0; path = liqapp.app; sourceTree = BUILT_PRODUCTS_DIR; };
		4A3C88991D8FC6EF0095D4DE /* AppDelegate.swift */ = {isa = PBXFileReference; lastKnownFileType = sourcecode.swift; path = AppDelegate.swift; sourceTree = "<group>"; };
		4A3C889E1D8FC6EF0095D4DE /* Base */ = {isa = PBXFileReference; lastKnownFileType = file.storyboard; name = Base; path = Base.lproj/Main.storyboard; sourceTree = "<group>"; };
		4A3C88A11D8FC6EF0095D4DE /* liqapp.xcdatamodel */ = {isa = PBXFileReference; lastKnownFileType = wrapper.xcdatamodel; path = liqapp.xcdatamodel; sourceTree = "<group>"; };
		4A3C88A31D8FC6EF0095D4DE /* Assets.xcassets */ = {isa = PBXFileReference; lastKnownFileType = folder.assetcatalog; path = Assets.xcassets; sourceTree = "<group>"; };
		4A3C88A61D8FC6EF0095D4DE /* Base */ = {isa = PBXFileReference; lastKnownFileType = file.storyboard; name = Base; path = Base.lproj/LaunchScreen.storyboard; sourceTree = "<group>"; };
		4A3C88A81D8FC6EF0095D4DE /* Info.plist */ = {isa = PBXFileReference; lastKnownFileType = text.plist.xml; path = Info.plist; sourceTree = "<group>"; };
		4A3C88AE1D8FFFED0095D4DE /* LoginViewController.swift */ = {isa = PBXFileReference; fileEncoding = 4; lastKnownFileType = sourcecode.swift; path = LoginViewController.swift; sourceTree = "<group>"; };
		4A4EBC6A1D9417B3003C9A35 /* MutabaahViewController.swift */ = {isa = PBXFileReference; fileEncoding = 4; lastKnownFileType = sourcecode.swift; path = MutabaahViewController.swift; sourceTree = "<group>"; };
		4A4EBC6E1D96AF8C003C9A35 /* IbadahTableViewCell.swift */ = {isa = PBXFileReference; fileEncoding = 4; lastKnownFileType = sourcecode.swift; path = IbadahTableViewCell.swift; sourceTree = "<group>"; };
		4A4EBC6F1D96AF8C003C9A35 /* IbadahTableViewCell.xib */ = {isa = PBXFileReference; fileEncoding = 4; lastKnownFileType = file.xib; path = IbadahTableViewCell.xib; sourceTree = "<group>"; };
		4A7E9D081D9241B4002E3697 /* APIClient.swift */ = {isa = PBXFileReference; fileEncoding = 4; lastKnownFileType = sourcecode.swift; path = APIClient.swift; sourceTree = "<group>"; };
		4A7E9D0C1D928EBE002E3697 /* APIClient+URLSessionTask.swift */ = {isa = PBXFileReference; fileEncoding = 4; lastKnownFileType = sourcecode.swift; path = "APIClient+URLSessionTask.swift"; sourceTree = "<group>"; };
		4A7E9D0E1D929A74002E3697 /* APIError.swift */ = {isa = PBXFileReference; fileEncoding = 4; lastKnownFileType = sourcecode.swift; path = APIError.swift; sourceTree = "<group>"; };
		4A7E9D0F1D929A74002E3697 /* Constants.swift */ = {isa = PBXFileReference; fileEncoding = 4; lastKnownFileType = sourcecode.swift; path = Constants.swift; sourceTree = "<group>"; };
		4A7E9D121D92A051002E3697 /* NSHTTPURLResponse+HTTP.swift */ = {isa = PBXFileReference; fileEncoding = 4; lastKnownFileType = sourcecode.swift; path = "NSHTTPURLResponse+HTTP.swift"; sourceTree = "<group>"; };
		4A7E9D141D92A67D002E3697 /* OAuthToken.swift */ = {isa = PBXFileReference; fileEncoding = 4; lastKnownFileType = sourcecode.swift; path = OAuthToken.swift; sourceTree = "<group>"; };
		4A7E9D171D92AA07002E3697 /* Liqapp-Bridging-Header.h */ = {isa = PBXFileReference; fileEncoding = 4; lastKnownFileType = sourcecode.c.h; path = "Liqapp-Bridging-Header.h"; sourceTree = "<group>"; };
		4A7E9D181D938CB2002E3697 /* AuthManager.swift */ = {isa = PBXFileReference; fileEncoding = 4; lastKnownFileType = sourcecode.swift; path = AuthManager.swift; sourceTree = "<group>"; };
		4A806B7D1D90221B00E34DE0 /* LoginViewController.storyboard */ = {isa = PBXFileReference; fileEncoding = 4; lastKnownFileType = file.storyboard; path = LoginViewController.storyboard; sourceTree = "<group>"; };
		6121BDD1953F29562C5B820E /* Pods-liqapp.release.xcconfig */ = {isa = PBXFileReference; includeInIndex = 1; lastKnownFileType = text.xcconfig; name = "Pods-liqapp.release.xcconfig"; path = "Pods/Target Support Files/Pods-liqapp/Pods-liqapp.release.xcconfig"; sourceTree = "<group>"; };
		F2DD4B58D1DC57F093F13B53 /* Pods_liqapp.framework */ = {isa = PBXFileReference; explicitFileType = wrapper.framework; includeInIndex = 0; path = Pods_liqapp.framework; sourceTree = BUILT_PRODUCTS_DIR; };
/* End PBXFileReference section */

/* Begin PBXFrameworksBuildPhase section */
		4A3C88931D8FC6EF0095D4DE /* Frameworks */ = {
			isa = PBXFrameworksBuildPhase;
			buildActionMask = 2147483647;
			files = (
				8FCA3B46AE82A8C22F045E16 /* Pods_liqapp.framework in Frameworks */,
			);
			runOnlyForDeploymentPostprocessing = 0;
		};
/* End PBXFrameworksBuildPhase section */

/* Begin PBXGroup section */
		4A3C888D1D8FC6EF0095D4DE = {
			isa = PBXGroup;
			children = (
				4A3C88981D8FC6EF0095D4DE /* liqapp */,
				4A3C88971D8FC6EF0095D4DE /* Products */,
				820966E6AD254266BDE82395 /* Pods */,
				8E3670500809ABA5D5143096 /* Frameworks */,
			);
			sourceTree = "<group>";
		};
		4A3C88971D8FC6EF0095D4DE /* Products */ = {
			isa = PBXGroup;
			children = (
				4A3C88961D8FC6EF0095D4DE /* liqapp.app */,
			);
			name = Products;
			sourceTree = "<group>";
		};
		4A3C88981D8FC6EF0095D4DE /* liqapp */ = {
			isa = PBXGroup;
			children = (
				4A3C88991D8FC6EF0095D4DE /* AppDelegate.swift */,
				4A7E9D0F1D929A74002E3697 /* Constants.swift */,
				4A7E9D081D9241B4002E3697 /* APIClient.swift */,
				4A7E9D0C1D928EBE002E3697 /* APIClient+URLSessionTask.swift */,
				4A7E9D0E1D929A74002E3697 /* APIError.swift */,
				4A7E9D181D938CB2002E3697 /* AuthManager.swift */,
				4A7E9D141D92A67D002E3697 /* OAuthToken.swift */,
				4A3C88AE1D8FFFED0095D4DE /* LoginViewController.swift */,
				4A806B7D1D90221B00E34DE0 /* LoginViewController.storyboard */,
				4A4EBC6A1D9417B3003C9A35 /* MutabaahViewController.swift */,
				4A3C889D1D8FC6EF0095D4DE /* Main.storyboard */,
				4A4EBC6E1D96AF8C003C9A35 /* IbadahTableViewCell.swift */,
				4A4EBC6F1D96AF8C003C9A35 /* IbadahTableViewCell.xib */,
				4A3C88A31D8FC6EF0095D4DE /* Assets.xcassets */,
				4A3C88A51D8FC6EF0095D4DE /* LaunchScreen.storyboard */,
				4A3C88A81D8FC6EF0095D4DE /* Info.plist */,
				4A3C88A01D8FC6EF0095D4DE /* liqapp.xcdatamodeld */,
				4A7E9D121D92A051002E3697 /* NSHTTPURLResponse+HTTP.swift */,
				4A7E9D171D92AA07002E3697 /* Liqapp-Bridging-Header.h */,
			);
			path = liqapp;
			sourceTree = "<group>";
		};
		820966E6AD254266BDE82395 /* Pods */ = {
			isa = PBXGroup;
			children = (
				20A0D1EF9E73F1458DA08AC1 /* Pods-liqapp.debug.xcconfig */,
				6121BDD1953F29562C5B820E /* Pods-liqapp.release.xcconfig */,
			);
			name = Pods;
			sourceTree = "<group>";
		};
		8E3670500809ABA5D5143096 /* Frameworks */ = {
			isa = PBXGroup;
			children = (
				F2DD4B58D1DC57F093F13B53 /* Pods_liqapp.framework */,
			);
			name = Frameworks;
			sourceTree = "<group>";
		};
/* End PBXGroup section */

/* Begin PBXNativeTarget section */
		4A3C88951D8FC6EF0095D4DE /* liqapp */ = {
			isa = PBXNativeTarget;
			buildConfigurationList = 4A3C88AB1D8FC6EF0095D4DE /* Build configuration list for PBXNativeTarget "liqapp" */;
			buildPhases = (
				E1B48823F6516E2F1DA25C80 /* [CP] Check Pods Manifest.lock */,
				4A3C88921D8FC6EF0095D4DE /* Sources */,
				4A3C88931D8FC6EF0095D4DE /* Frameworks */,
				4A3C88941D8FC6EF0095D4DE /* Resources */,
				AA74BA3D1C16E4236229C534 /* [CP] Embed Pods Frameworks */,
				AA56F6DF8A2151C785F43F60 /* [CP] Copy Pods Resources */,
			);
			buildRules = (
			);
			dependencies = (
			);
			name = liqapp;
			productName = liqapp;
			productReference = 4A3C88961D8FC6EF0095D4DE /* liqapp.app */;
			productType = "com.apple.product-type.application";
		};
/* End PBXNativeTarget section */

/* Begin PBXProject section */
		4A3C888E1D8FC6EF0095D4DE /* Project object */ = {
			isa = PBXProject;
			attributes = {
				LastSwiftUpdateCheck = 0730;
				LastUpgradeCheck = 0730;
				ORGANIZATIONNAME = DuldulStudio;
				TargetAttributes = {
					4A3C88951D8FC6EF0095D4DE = {
						CreatedOnToolsVersion = 7.3.1;
						DevelopmentTeam = QG2FZSM37L;
					};
				};
			};
			buildConfigurationList = 4A3C88911D8FC6EF0095D4DE /* Build configuration list for PBXProject "liqapp" */;
			compatibilityVersion = "Xcode 3.2";
			developmentRegion = English;
			hasScannedForEncodings = 0;
			knownRegions = (
				en,
				Base,
			);
			mainGroup = 4A3C888D1D8FC6EF0095D4DE;
			productRefGroup = 4A3C88971D8FC6EF0095D4DE /* Products */;
			projectDirPath = "";
			projectRoot = "";
			targets = (
				4A3C88951D8FC6EF0095D4DE /* liqapp */,
			);
		};
/* End PBXProject section */

/* Begin PBXResourcesBuildPhase section */
		4A3C88941D8FC6EF0095D4DE /* Resources */ = {
			isa = PBXResourcesBuildPhase;
			buildActionMask = 2147483647;
			files = (
				4A3C88A71D8FC6EF0095D4DE /* LaunchScreen.storyboard in Resources */,
				4A806B7E1D90221B00E34DE0 /* LoginViewController.storyboard in Resources */,
				4A3C88A41D8FC6EF0095D4DE /* Assets.xcassets in Resources */,
				4A4EBC711D96AF8C003C9A35 /* IbadahTableViewCell.xib in Resources */,
				4A3C889F1D8FC6EF0095D4DE /* Main.storyboard in Resources */,
			);
			runOnlyForDeploymentPostprocessing = 0;
		};
/* End PBXResourcesBuildPhase section */

/* Begin PBXShellScriptBuildPhase section */
		AA56F6DF8A2151C785F43F60 /* [CP] Copy Pods Resources */ = {
			isa = PBXShellScriptBuildPhase;
			buildActionMask = 2147483647;
			files = (
			);
			inputPaths = (
			);
			name = "[CP] Copy Pods Resources";
			outputPaths = (
			);
			runOnlyForDeploymentPostprocessing = 0;
			shellPath = /bin/sh;
			shellScript = "\"${SRCROOT}/Pods/Target Support Files/Pods-liqapp/Pods-liqapp-resources.sh\"\n";
			showEnvVarsInLog = 0;
		};
		AA74BA3D1C16E4236229C534 /* [CP] Embed Pods Frameworks */ = {
			isa = PBXShellScriptBuildPhase;
			buildActionMask = 2147483647;
			files = (
			);
			inputPaths = (
			);
			name = "[CP] Embed Pods Frameworks";
			outputPaths = (
			);
			runOnlyForDeploymentPostprocessing = 0;
			shellPath = /bin/sh;
			shellScript = "\"${SRCROOT}/Pods/Target Support Files/Pods-liqapp/Pods-liqapp-frameworks.sh\"\n";
			showEnvVarsInLog = 0;
		};
		E1B48823F6516E2F1DA25C80 /* [CP] Check Pods Manifest.lock */ = {
			isa = PBXShellScriptBuildPhase;
			buildActionMask = 2147483647;
			files = (
			);
			inputPaths = (
			);
			name = "[CP] Check Pods Manifest.lock";
			outputPaths = (
			);
			runOnlyForDeploymentPostprocessing = 0;
			shellPath = /bin/sh;
			shellScript = "diff \"${PODS_ROOT}/../Podfile.lock\" \"${PODS_ROOT}/Manifest.lock\" > /dev/null\nif [[ $? != 0 ]] ; then\n    cat << EOM\nerror: The sandbox is not in sync with the Podfile.lock. Run 'pod install' or update your CocoaPods installation.\nEOM\n    exit 1\nfi\n";
			showEnvVarsInLog = 0;
		};
/* End PBXShellScriptBuildPhase section */

/* Begin PBXSourcesBuildPhase section */
		4A3C88921D8FC6EF0095D4DE /* Sources */ = {
			isa = PBXSourcesBuildPhase;
			buildActionMask = 2147483647;
			files = (
				4A3C88AF1D8FFFED0095D4DE /* LoginViewController.swift in Sources */,
				4A7E9D191D938CB2002E3697 /* AuthManager.swift in Sources */,
				4A7E9D131D92A051002E3697 /* NSHTTPURLResponse+HTTP.swift in Sources */,
				4A3C88A21D8FC6EF0095D4DE /* liqapp.xcdatamodeld in Sources */,
				4A4EBC701D96AF8C003C9A35 /* IbadahTableViewCell.swift in Sources */,
				4A7E9D091D9241B4002E3697 /* APIClient.swift in Sources */,
				4A4EBC6B1D9417B3003C9A35 /* MutabaahViewController.swift in Sources */,
				4A7E9D101D929A74002E3697 /* APIError.swift in Sources */,
				4A7E9D151D92A67D002E3697 /* OAuthToken.swift in Sources */,
				4A7E9D0D1D928EBE002E3697 /* APIClient+URLSessionTask.swift in Sources */,
				4A3C889A1D8FC6EF0095D4DE /* AppDelegate.swift in Sources */,
				4A7E9D111D929A74002E3697 /* Constants.swift in Sources */,
			);
			runOnlyForDeploymentPostprocessing = 0;
		};
/* End PBXSourcesBuildPhase section */

/* Begin PBXVariantGroup section */
		4A3C889D1D8FC6EF0095D4DE /* Main.storyboard */ = {
			isa = PBXVariantGroup;
			children = (
				4A3C889E1D8FC6EF0095D4DE /* Base */,
			);
			name = Main.storyboard;
			sourceTree = "<group>";
		};
		4A3C88A51D8FC6EF0095D4DE /* LaunchScreen.storyboard */ = {
			isa = PBXVariantGroup;
			children = (
				4A3C88A61D8FC6EF0095D4DE /* Base */,
			);
			name = LaunchScreen.storyboard;
			sourceTree = "<group>";
		};
/* End PBXVariantGroup section */

/* Begin XCBuildConfiguration section */
		4A3C88A91D8FC6EF0095D4DE /* Debug */ = {
			isa = XCBuildConfiguration;
			buildSettings = {
				ALWAYS_SEARCH_USER_PATHS = NO;
				CLANG_ANALYZER_NONNULL = YES;
				CLANG_CXX_LANGUAGE_STANDARD = "gnu++0x";
				CLANG_CXX_LIBRARY = "libc++";
				CLANG_ENABLE_MODULES = YES;
				CLANG_ENABLE_OBJC_ARC = YES;
				CLANG_WARN_BOOL_CONVERSION = YES;
				CLANG_WARN_CONSTANT_CONVERSION = YES;
				CLANG_WARN_DIRECT_OBJC_ISA_USAGE = YES_ERROR;
				CLANG_WARN_EMPTY_BODY = YES;
				CLANG_WARN_ENUM_CONVERSION = YES;
				CLANG_WARN_INT_CONVERSION = YES;
				CLANG_WARN_OBJC_ROOT_CLASS = YES_ERROR;
				CLANG_WARN_UNREACHABLE_CODE = YES;
				CLANG_WARN__DUPLICATE_METHOD_MATCH = YES;
				"CODE_SIGN_IDENTITY[sdk=iphoneos*]" = "iPhone Developer";
				COPY_PHASE_STRIP = NO;
				DEBUG_INFORMATION_FORMAT = dwarf;
				ENABLE_STRICT_OBJC_MSGSEND = YES;
				ENABLE_TESTABILITY = YES;
				GCC_C_LANGUAGE_STANDARD = gnu99;
				GCC_DYNAMIC_NO_PIC = NO;
				GCC_NO_COMMON_BLOCKS = YES;
				GCC_OPTIMIZATION_LEVEL = 0;
				GCC_PREPROCESSOR_DEFINITIONS = (
					"DEBUG=1",
					"$(inherited)",
				);
				GCC_WARN_64_TO_32_BIT_CONVERSION = YES;
				GCC_WARN_ABOUT_RETURN_TYPE = YES_ERROR;
				GCC_WARN_UNDECLARED_SELECTOR = YES;
				GCC_WARN_UNINITIALIZED_AUTOS = YES_AGGRESSIVE;
				GCC_WARN_UNUSED_FUNCTION = YES;
				GCC_WARN_UNUSED_VARIABLE = YES;
				IPHONEOS_DEPLOYMENT_TARGET = 9.3;
				MTL_ENABLE_DEBUG_INFO = YES;
				ONLY_ACTIVE_ARCH = YES;
				SDKROOT = iphoneos;
				SWIFT_OPTIMIZATION_LEVEL = "-Onone";
			};
			name = Debug;
		};
		4A3C88AA1D8FC6EF0095D4DE /* Release */ = {
			isa = XCBuildConfiguration;
			buildSettings = {
				ALWAYS_SEARCH_USER_PATHS = NO;
				CLANG_ANALYZER_NONNULL = YES;
				CLANG_CXX_LANGUAGE_STANDARD = "gnu++0x";
				CLANG_CXX_LIBRARY = "libc++";
				CLANG_ENABLE_MODULES = YES;
				CLANG_ENABLE_OBJC_ARC = YES;
				CLANG_WARN_BOOL_CONVERSION = YES;
				CLANG_WARN_CONSTANT_CONVERSION = YES;
				CLANG_WARN_DIRECT_OBJC_ISA_USAGE = YES_ERROR;
				CLANG_WARN_EMPTY_BODY = YES;
				CLANG_WARN_ENUM_CONVERSION = YES;
				CLANG_WARN_INT_CONVERSION = YES;
				CLANG_WARN_OBJC_ROOT_CLASS = YES_ERROR;
				CLANG_WARN_UNREACHABLE_CODE = YES;
				CLANG_WARN__DUPLICATE_METHOD_MATCH = YES;
				"CODE_SIGN_IDENTITY[sdk=iphoneos*]" = "iPhone Developer";
				COPY_PHASE_STRIP = NO;
				DEBUG_INFORMATION_FORMAT = "dwarf-with-dsym";
				ENABLE_NS_ASSERTIONS = NO;
				ENABLE_STRICT_OBJC_MSGSEND = YES;
				GCC_C_LANGUAGE_STANDARD = gnu99;
				GCC_NO_COMMON_BLOCKS = YES;
				GCC_WARN_64_TO_32_BIT_CONVERSION = YES;
				GCC_WARN_ABOUT_RETURN_TYPE = YES_ERROR;
				GCC_WARN_UNDECLARED_SELECTOR = YES;
				GCC_WARN_UNINITIALIZED_AUTOS = YES_AGGRESSIVE;
				GCC_WARN_UNUSED_FUNCTION = YES;
				GCC_WARN_UNUSED_VARIABLE = YES;
				IPHONEOS_DEPLOYMENT_TARGET = 9.3;
				MTL_ENABLE_DEBUG_INFO = NO;
				SDKROOT = iphoneos;
				VALIDATE_PRODUCT = YES;
			};
			name = Release;
		};
		4A3C88AC1D8FC6EF0095D4DE /* Debug */ = {
			isa = XCBuildConfiguration;
			baseConfigurationReference = 20A0D1EF9E73F1458DA08AC1 /* Pods-liqapp.debug.xcconfig */;
			buildSettings = {
				ASSETCATALOG_COMPILER_APPICON_NAME = AppIcon;
				CODE_SIGN_IDENTITY = "iPhone Developer";
				"CODE_SIGN_IDENTITY[sdk=iphoneos*]" = "iPhone Developer";
				INFOPLIST_FILE = liqapp/Info.plist;
				LD_RUNPATH_SEARCH_PATHS = "$(inherited) @executable_path/Frameworks";
				PRODUCT_BUNDLE_IDENTIFIER = jp.duldul.liqapp;
				PRODUCT_NAME = "$(TARGET_NAME)";
				PROVISIONING_PROFILE = "";
				SWIFT_OBJC_BRIDGING_HEADER = "Liqapp-Bridging-Header.h";
			};
			name = Debug;
		};
		4A3C88AD1D8FC6EF0095D4DE /* Release */ = {
			isa = XCBuildConfiguration;
			baseConfigurationReference = 6121BDD1953F29562C5B820E /* Pods-liqapp.release.xcconfig */;
			buildSettings = {
				ASSETCATALOG_COMPILER_APPICON_NAME = AppIcon;
				CODE_SIGN_IDENTITY = "iPhone Developer";
				"CODE_SIGN_IDENTITY[sdk=iphoneos*]" = "iPhone Developer";
				INFOPLIST_FILE = liqapp/Info.plist;
				LD_RUNPATH_SEARCH_PATHS = "$(inherited) @executable_path/Frameworks";
				PRODUCT_BUNDLE_IDENTIFIER = jp.duldul.liqapp;
				PRODUCT_NAME = "$(TARGET_NAME)";
				PROVISIONING_PROFILE = "";
				SWIFT_OBJC_BRIDGING_HEADER = "Liqapp-Bridging-Header.h";
			};
			name = Release;
		};
/* End XCBuildConfiguration section */

/* Begin XCConfigurationList section */
		4A3C88911D8FC6EF0095D4DE /* Build configuration list for PBXProject "liqapp" */ = {
			isa = XCConfigurationList;
			buildConfigurations = (
				4A3C88A91D8FC6EF0095D4DE /* Debug */,
				4A3C88AA1D8FC6EF0095D4DE /* Release */,
			);
			defaultConfigurationIsVisible = 0;
			defaultConfigurationName = Release;
		};
		4A3C88AB1D8FC6EF0095D4DE /* Build configuration list for PBXNativeTarget "liqapp" */ = {
			isa = XCConfigurationList;
			buildConfigurations = (
				4A3C88AC1D8FC6EF0095D4DE /* Debug */,
				4A3C88AD1D8FC6EF0095D4DE /* Release */,
			);
			defaultConfigurationIsVisible = 0;
			defaultConfigurationName = Release;
		};
/* End XCConfigurationList section */

/* Begin XCVersionGroup section */
		4A3C88A01D8FC6EF0095D4DE /* liqapp.xcdatamodeld */ = {
			isa = XCVersionGroup;
			children = (
				4A3C88A11D8FC6EF0095D4DE /* liqapp.xcdatamodel */,
			);
			currentVersion = 4A3C88A11D8FC6EF0095D4DE /* liqapp.xcdatamodel */;
			path = liqapp.xcdatamodeld;
			sourceTree = "<group>";
			versionGroupType = wrapper.xcdatamodel;
		};
/* End XCVersionGroup section */
	};
	rootObject = 4A3C888E1D8FC6EF0095D4DE /* Project object */;
}
